// !$*UTF8*$!
{
	archiveVersion = 1;
	classes = {
	};
	objectVersion = 46;
	objects = {

/* Begin PBXBuildFile section */
		825EC5E719506B60009216DC /* Foundation.framework in Frameworks */ = {isa = PBXBuildFile; fileRef = 825EC5E619506B60009216DC /* Foundation.framework */; };
		825EC5E919506B60009216DC /* CoreGraphics.framework in Frameworks */ = {isa = PBXBuildFile; fileRef = 825EC5E819506B60009216DC /* CoreGraphics.framework */; };
		825EC5EB19506B60009216DC /* UIKit.framework in Frameworks */ = {isa = PBXBuildFile; fileRef = 825EC5EA19506B60009216DC /* UIKit.framework */; };
		825EC5F119506B60009216DC /* InfoPlist.strings in Resources */ = {isa = PBXBuildFile; fileRef = 825EC5EF19506B60009216DC /* InfoPlist.strings */; };
		825EC5F319506B60009216DC /* main.m in Sources */ = {isa = PBXBuildFile; fileRef = 825EC5F219506B60009216DC /* main.m */; };
		825EC5F719506B60009216DC /* AppDelegate.m in Sources */ = {isa = PBXBuildFile; fileRef = 825EC5F619506B60009216DC /* AppDelegate.m */; };
		825EC5F919506B60009216DC /* Images.xcassets in Resources */ = {isa = PBXBuildFile; fileRef = 825EC5F819506B60009216DC /* Images.xcassets */; };
		825EC60019506B60009216DC /* XCTest.framework in Frameworks */ = {isa = PBXBuildFile; fileRef = 825EC5FF19506B60009216DC /* XCTest.framework */; };
		825EC60119506B60009216DC /* Foundation.framework in Frameworks */ = {isa = PBXBuildFile; fileRef = 825EC5E619506B60009216DC /* Foundation.framework */; };
		825EC60219506B60009216DC /* UIKit.framework in Frameworks */ = {isa = PBXBuildFile; fileRef = 825EC5EA19506B60009216DC /* UIKit.framework */; };
		825EC60A19506B60009216DC /* InfoPlist.strings in Resources */ = {isa = PBXBuildFile; fileRef = 825EC60819506B60009216DC /* InfoPlist.strings */; };
		825EC60C19506B60009216DC /* Vinted_ABTests.m in Sources */ = {isa = PBXBuildFile; fileRef = 825EC60B19506B60009216DC /* Vinted_ABTests.m */; };
/* End PBXBuildFile section */

/* Begin PBXContainerItemProxy section */
		825EC60319506B60009216DC /* PBXContainerItemProxy */ = {
			isa = PBXContainerItemProxy;
			containerPortal = 825EC5DB19506B60009216DC /* Project object */;
			proxyType = 1;
			remoteGlobalIDString = 825EC5E219506B60009216DC;
			remoteInfo = "Vinted-AB";
		};
/* End PBXContainerItemProxy section */

/* Begin PBXFileReference section */
		825EC5E319506B60009216DC /* Vinted-AB.app */ = {isa = PBXFileReference; explicitFileType = wrapper.application; includeInIndex = 0; path = "Vinted-AB.app"; sourceTree = BUILT_PRODUCTS_DIR; };
		825EC5E619506B60009216DC /* Foundation.framework */ = {isa = PBXFileReference; lastKnownFileType = wrapper.framework; name = Foundation.framework; path = System/Library/Frameworks/Foundation.framework; sourceTree = SDKROOT; };
		825EC5E819506B60009216DC /* CoreGraphics.framework */ = {isa = PBXFileReference; lastKnownFileType = wrapper.framework; name = CoreGraphics.framework; path = System/Library/Frameworks/CoreGraphics.framework; sourceTree = SDKROOT; };
		825EC5EA19506B60009216DC /* UIKit.framework */ = {isa = PBXFileReference; lastKnownFileType = wrapper.framework; name = UIKit.framework; path = System/Library/Frameworks/UIKit.framework; sourceTree = SDKROOT; };
		825EC5EE19506B60009216DC /* Vinted-AB-Info.plist */ = {isa = PBXFileReference; lastKnownFileType = text.plist.xml; path = "Vinted-AB-Info.plist"; sourceTree = "<group>"; };
		825EC5F019506B60009216DC /* en */ = {isa = PBXFileReference; lastKnownFileType = text.plist.strings; name = en; path = en.lproj/InfoPlist.strings; sourceTree = "<group>"; };
		825EC5F219506B60009216DC /* main.m */ = {isa = PBXFileReference; lastKnownFileType = sourcecode.c.objc; path = main.m; sourceTree = "<group>"; };
		825EC5F419506B60009216DC /* Vinted-AB-Prefix.pch */ = {isa = PBXFileReference; lastKnownFileType = sourcecode.c.h; path = "Vinted-AB-Prefix.pch"; sourceTree = "<group>"; };
		825EC5F519506B60009216DC /* AppDelegate.h */ = {isa = PBXFileReference; lastKnownFileType = sourcecode.c.h; path = AppDelegate.h; sourceTree = "<group>"; };
		825EC5F619506B60009216DC /* AppDelegate.m */ = {isa = PBXFileReference; lastKnownFileType = sourcecode.c.objc; path = AppDelegate.m; sourceTree = "<group>"; };
		825EC5F819506B60009216DC /* Images.xcassets */ = {isa = PBXFileReference; lastKnownFileType = folder.assetcatalog; path = Images.xcassets; sourceTree = "<group>"; };
		825EC5FE19506B60009216DC /* Vinted-ABTests.xctest */ = {isa = PBXFileReference; explicitFileType = wrapper.cfbundle; includeInIndex = 0; path = "Vinted-ABTests.xctest"; sourceTree = BUILT_PRODUCTS_DIR; };
		825EC5FF19506B60009216DC /* XCTest.framework */ = {isa = PBXFileReference; lastKnownFileType = wrapper.framework; name = XCTest.framework; path = Library/Frameworks/XCTest.framework; sourceTree = DEVELOPER_DIR; };
		825EC60719506B60009216DC /* Vinted-ABTests-Info.plist */ = {isa = PBXFileReference; lastKnownFileType = text.plist.xml; path = "Vinted-ABTests-Info.plist"; sourceTree = "<group>"; };
		825EC60919506B60009216DC /* en */ = {isa = PBXFileReference; lastKnownFileType = text.plist.strings; name = en; path = en.lproj/InfoPlist.strings; sourceTree = "<group>"; };
		825EC60B19506B60009216DC /* Vinted_ABTests.m */ = {isa = PBXFileReference; lastKnownFileType = sourcecode.c.objc; path = Vinted_ABTests.m; sourceTree = "<group>"; };
/* End PBXFileReference section */

/* Begin PBXFrameworksBuildPhase section */
		825EC5E019506B60009216DC /* Frameworks */ = {
			isa = PBXFrameworksBuildPhase;
			buildActionMask = 2147483647;
			files = (
				825EC5E919506B60009216DC /* CoreGraphics.framework in Frameworks */,
				825EC5EB19506B60009216DC /* UIKit.framework in Frameworks */,
				825EC5E719506B60009216DC /* Foundation.framework in Frameworks */,
			);
			runOnlyForDeploymentPostprocessing = 0;
		};
		825EC5FB19506B60009216DC /* Frameworks */ = {
			isa = PBXFrameworksBuildPhase;
			buildActionMask = 2147483647;
			files = (
				825EC60019506B60009216DC /* XCTest.framework in Frameworks */,
				825EC60219506B60009216DC /* UIKit.framework in Frameworks */,
				825EC60119506B60009216DC /* Foundation.framework in Frameworks */,
			);
			runOnlyForDeploymentPostprocessing = 0;
		};
/* End PBXFrameworksBuildPhase section */

/* Begin PBXGroup section */
		825EC5DA19506B60009216DC = {
			isa = PBXGroup;
			children = (
				825EC5EC19506B60009216DC /* Vinted-AB */,
				825EC60519506B60009216DC /* Vinted-ABTests */,
				825EC5E519506B60009216DC /* Frameworks */,
				825EC5E419506B60009216DC /* Products */,
			);
			sourceTree = "<group>";
		};
		825EC5E419506B60009216DC /* Products */ = {
			isa = PBXGroup;
			children = (
				825EC5E319506B60009216DC /* Vinted-AB.app */,
				825EC5FE19506B60009216DC /* Vinted-ABTests.xctest */,
			);
			name = Products;
			sourceTree = "<group>";
		};
		825EC5E519506B60009216DC /* Frameworks */ = {
			isa = PBXGroup;
			children = (
				825EC5E619506B60009216DC /* Foundation.framework */,
				825EC5E819506B60009216DC /* CoreGraphics.framework */,
				825EC5EA19506B60009216DC /* UIKit.framework */,
				825EC5FF19506B60009216DC /* XCTest.framework */,
			);
			name = Frameworks;
			sourceTree = "<group>";
		};
		825EC5EC19506B60009216DC /* Vinted-AB */ = {
			isa = PBXGroup;
			children = (
				825EC5F519506B60009216DC /* AppDelegate.h */,
				825EC5F619506B60009216DC /* AppDelegate.m */,
				825EC5F819506B60009216DC /* Images.xcassets */,
				825EC5ED19506B60009216DC /* Supporting Files */,
			);
			path = "Vinted-AB";
			sourceTree = "<group>";
		};
		825EC5ED19506B60009216DC /* Supporting Files */ = {
			isa = PBXGroup;
			children = (
				825EC5EE19506B60009216DC /* Vinted-AB-Info.plist */,
				825EC5EF19506B60009216DC /* InfoPlist.strings */,
				825EC5F219506B60009216DC /* main.m */,
				825EC5F419506B60009216DC /* Vinted-AB-Prefix.pch */,
			);
			name = "Supporting Files";
			sourceTree = "<group>";
		};
		825EC60519506B60009216DC /* Vinted-ABTests */ = {
			isa = PBXGroup;
			children = (
				825EC60B19506B60009216DC /* Vinted_ABTests.m */,
				825EC60619506B60009216DC /* Supporting Files */,
			);
			path = "Vinted-ABTests";
			sourceTree = "<group>";
		};
		825EC60619506B60009216DC /* Supporting Files */ = {
			isa = PBXGroup;
			children = (
				825EC60719506B60009216DC /* Vinted-ABTests-Info.plist */,
				825EC60819506B60009216DC /* InfoPlist.strings */,
			);
			name = "Supporting Files";
			sourceTree = "<group>";
		};
/* End PBXGroup section */

/* Begin PBXNativeTarget section */
		825EC5E219506B60009216DC /* Vinted-AB */ = {
			isa = PBXNativeTarget;
			buildConfigurationList = 825EC60F19506B60009216DC /* Build configuration list for PBXNativeTarget "Vinted-AB" */;
			buildPhases = (
				825EC5DF19506B60009216DC /* Sources */,
				825EC5E019506B60009216DC /* Frameworks */,
				825EC5E119506B60009216DC /* Resources */,
			);
			buildRules = (
			);
			dependencies = (
			);
			name = "Vinted-AB";
			productName = "Vinted-AB";
			productReference = 825EC5E319506B60009216DC /* Vinted-AB.app */;
			productType = "com.apple.product-type.application";
		};
		825EC5FD19506B60009216DC /* Vinted-ABTests */ = {
			isa = PBXNativeTarget;
			buildConfigurationList = 825EC61219506B60009216DC /* Build configuration list for PBXNativeTarget "Vinted-ABTests" */;
			buildPhases = (
				825EC5FA19506B60009216DC /* Sources */,
				825EC5FB19506B60009216DC /* Frameworks */,
				825EC5FC19506B60009216DC /* Resources */,
			);
			buildRules = (
			);
			dependencies = (
				825EC60419506B60009216DC /* PBXTargetDependency */,
			);
			name = "Vinted-ABTests";
			productName = "Vinted-ABTests";
			productReference = 825EC5FE19506B60009216DC /* Vinted-ABTests.xctest */;
			productType = "com.apple.product-type.bundle.unit-test";
		};
/* End PBXNativeTarget section */

/* Begin PBXProject section */
		825EC5DB19506B60009216DC /* Project object */ = {
			isa = PBXProject;
			attributes = {
				LastUpgradeCheck = 0510;
				ORGANIZATIONNAME = "Sarunas Kazlauskas";
				TargetAttributes = {
					825EC5FD19506B60009216DC = {
						TestTargetID = 825EC5E219506B60009216DC;
					};
				};
			};
			buildConfigurationList = 825EC5DE19506B60009216DC /* Build configuration list for PBXProject "Vinted-AB" */;
			compatibilityVersion = "Xcode 3.2";
			developmentRegion = English;
			hasScannedForEncodings = 0;
			knownRegions = (
				en,
			);
			mainGroup = 825EC5DA19506B60009216DC;
			productRefGroup = 825EC5E419506B60009216DC /* Products */;
			projectDirPath = "";
			projectRoot = "";
			targets = (
				825EC5E219506B60009216DC /* Vinted-AB */,
				825EC5FD19506B60009216DC /* Vinted-ABTests */,
			);
		};
/* End PBXProject section */

/* Begin PBXResourcesBuildPhase section */
		825EC5E119506B60009216DC /* Resources */ = {
			isa = PBXResourcesBuildPhase;
			buildActionMask = 2147483647;
			files = (
				825EC5F119506B60009216DC /* InfoPlist.strings in Resources */,
				825EC5F919506B60009216DC /* Images.xcassets in Resources */,
			);
			runOnlyForDeploymentPostprocessing = 0;
		};
		825EC5FC19506B60009216DC /* Resources */ = {
			isa = PBXResourcesBuildPhase;
			buildActionMask = 2147483647;
			files = (
				825EC60A19506B60009216DC /* InfoPlist.strings in Resources */,
			);
			runOnlyForDeploymentPostprocessing = 0;
		};
/* End PBXResourcesBuildPhase section */

/* Begin PBXSourcesBuildPhase section */
		825EC5DF19506B60009216DC /* Sources */ = {
			isa = PBXSourcesBuildPhase;
			buildActionMask = 2147483647;
			files = (
				825EC5F719506B60009216DC /* AppDelegate.m in Sources */,
				825EC5F319506B60009216DC /* main.m in Sources */,
			);
			runOnlyForDeploymentPostprocessing = 0;
		};
		825EC5FA19506B60009216DC /* Sources */ = {
			isa = PBXSourcesBuildPhase;
			buildActionMask = 2147483647;
			files = (
				825EC60C19506B60009216DC /* Vinted_ABTests.m in Sources */,
			);
			runOnlyForDeploymentPostprocessing = 0;
		};
/* End PBXSourcesBuildPhase section */

/* Begin PBXTargetDependency section */
		825EC60419506B60009216DC /* PBXTargetDependency */ = {
			isa = PBXTargetDependency;
			target = 825EC5E219506B60009216DC /* Vinted-AB */;
			targetProxy = 825EC60319506B60009216DC /* PBXContainerItemProxy */;
		};
/* End PBXTargetDependency section */

/* Begin PBXVariantGroup section */
		825EC5EF19506B60009216DC /* InfoPlist.strings */ = {
			isa = PBXVariantGroup;
			children = (
				825EC5F019506B60009216DC /* en */,
			);
			name = InfoPlist.strings;
			sourceTree = "<group>";
		};
		825EC60819506B60009216DC /* InfoPlist.strings */ = {
			isa = PBXVariantGroup;
			children = (
				825EC60919506B60009216DC /* en */,
			);
			name = InfoPlist.strings;
			sourceTree = "<group>";
		};
/* End PBXVariantGroup section */

/* Begin XCBuildConfiguration section */
		825EC60D19506B60009216DC /* Debug */ = {
			isa = XCBuildConfiguration;
			buildSettings = {
				ALWAYS_SEARCH_USER_PATHS = NO;
				CLANG_CXX_LANGUAGE_STANDARD = "gnu++0x";
				CLANG_CXX_LIBRARY = "libc++";
				CLANG_ENABLE_MODULES = YES;
				CLANG_ENABLE_OBJC_ARC = YES;
				CLANG_WARN_BOOL_CONVERSION = YES;
				CLANG_WARN_CONSTANT_CONVERSION = YES;
				CLANG_WARN_DIRECT_OBJC_ISA_USAGE = YES_ERROR;
				CLANG_WARN_EMPTY_BODY = YES;
				CLANG_WARN_ENUM_CONVERSION = YES;
				CLANG_WARN_INT_CONVERSION = YES;
				CLANG_WARN_OBJC_ROOT_CLASS = YES_ERROR;
				CLANG_WARN__DUPLICATE_METHOD_MATCH = YES;
				"CODE_SIGN_IDENTITY[sdk=iphoneos*]" = "iPhone Developer";
				COPY_PHASE_STRIP = NO;
				GCC_C_LANGUAGE_STANDARD = gnu99;
				GCC_DYNAMIC_NO_PIC = NO;
				GCC_OPTIMIZATION_LEVEL = 0;
				GCC_PREPROCESSOR_DEFINITIONS = (
					"DEBUG=1",
					"$(inherited)",
				);
				GCC_SYMBOLS_PRIVATE_EXTERN = NO;
				GCC_WARN_64_TO_32_BIT_CONVERSION = YES;
				GCC_WARN_ABOUT_RETURN_TYPE = YES_ERROR;
				GCC_WARN_UNDECLARED_SELECTOR = YES;
				GCC_WARN_UNINITIALIZED_AUTOS = YES_AGGRESSIVE;
				GCC_WARN_UNUSED_FUNCTION = YES;
				GCC_WARN_UNUSED_VARIABLE = YES;
				IPHONEOS_DEPLOYMENT_TARGET = 7.1;
				ONLY_ACTIVE_ARCH = YES;
				SDKROOT = iphoneos;
			};
			name = Debug;
		};
		825EC60E19506B60009216DC /* Release */ = {
			isa = XCBuildConfiguration;
			buildSettings = {
				ALWAYS_SEARCH_USER_PATHS = NO;
				CLANG_CXX_LANGUAGE_STANDARD = "gnu++0x";
				CLANG_CXX_LIBRARY = "libc++";
				CLANG_ENABLE_MODULES = YES;
				CLANG_ENABLE_OBJC_ARC = YES;
				CLANG_WARN_BOOL_CONVERSION = YES;
				CLANG_WARN_CONSTANT_CONVERSION = YES;
				CLANG_WARN_DIRECT_OBJC_ISA_USAGE = YES_ERROR;
				CLANG_WARN_EMPTY_BODY = YES;
				CLANG_WARN_ENUM_CONVERSION = YES;
				CLANG_WARN_INT_CONVERSION = YES;
				CLANG_WARN_OBJC_ROOT_CLASS = YES_ERROR;
				CLANG_WARN__DUPLICATE_METHOD_MATCH = YES;
				"CODE_SIGN_IDENTITY[sdk=iphoneos*]" = "iPhone Developer";
				COPY_PHASE_STRIP = YES;
				ENABLE_NS_ASSERTIONS = NO;
				GCC_C_LANGUAGE_STANDARD = gnu99;
				GCC_WARN_64_TO_32_BIT_CONVERSION = YES;
				GCC_WARN_ABOUT_RETURN_TYPE = YES_ERROR;
				GCC_WARN_UNDECLARED_SELECTOR = YES;
				GCC_WARN_UNINITIALIZED_AUTOS = YES_AGGRESSIVE;
				GCC_WARN_UNUSED_FUNCTION = YES;
				GCC_WARN_UNUSED_VARIABLE = YES;
				IPHONEOS_DEPLOYMENT_TARGET = 7.1;
				SDKROOT = iphoneos;
				VALIDATE_PRODUCT = YES;
			};
			name = Release;
		};
		825EC61019506B60009216DC /* Debug */ = {
			isa = XCBuildConfiguration;
			buildSettings = {
				ASSETCATALOG_COMPILER_APPICON_NAME = AppIcon;
				ASSETCATALOG_COMPILER_LAUNCHIMAGE_NAME = LaunchImage;
				GCC_PRECOMPILE_PREFIX_HEADER = YES;
				GCC_PREFIX_HEADER = "Vinted-AB/Vinted-AB-Prefix.pch";
				INFOPLIST_FILE = "Vinted-AB/Vinted-AB-Info.plist";
				PRODUCT_NAME = "$(TARGET_NAME)";
				WRAPPER_EXTENSION = app;
			};
			name = Debug;
		};
		825EC61119506B60009216DC /* Release */ = {
			isa = XCBuildConfiguration;
			buildSettings = {
				ASSETCATALOG_COMPILER_APPICON_NAME = AppIcon;
				ASSETCATALOG_COMPILER_LAUNCHIMAGE_NAME = LaunchImage;
				GCC_PRECOMPILE_PREFIX_HEADER = YES;
				GCC_PREFIX_HEADER = "Vinted-AB/Vinted-AB-Prefix.pch";
				INFOPLIST_FILE = "Vinted-AB/Vinted-AB-Info.plist";
				PRODUCT_NAME = "$(TARGET_NAME)";
				WRAPPER_EXTENSION = app;
			};
			name = Release;
		};
		825EC61319506B60009216DC /* Debug */ = {
			isa = XCBuildConfiguration;
			buildSettings = {
				BUNDLE_LOADER = "$(BUILT_PRODUCTS_DIR)/Vinted-AB.app/Vinted-AB";
				FRAMEWORK_SEARCH_PATHS = (
					"$(SDKROOT)/Developer/Library/Frameworks",
					"$(inherited)",
					"$(DEVELOPER_FRAMEWORKS_DIR)",
				);
				GCC_PRECOMPILE_PREFIX_HEADER = YES;
				GCC_PREFIX_HEADER = "Vinted-AB/Vinted-AB-Prefix.pch";
				GCC_PREPROCESSOR_DEFINITIONS = (
					"DEBUG=1",
					"$(inherited)",
				);
				INFOPLIST_FILE = "Vinted-ABTests/Vinted-ABTests-Info.plist";
				PRODUCT_NAME = "$(TARGET_NAME)";
				TEST_HOST = "$(BUNDLE_LOADER)";
				WRAPPER_EXTENSION = xctest;
			};
			name = Debug;
		};
		825EC61419506B60009216DC /* Release */ = {
			isa = XCBuildConfiguration;
			buildSettings = {
				BUNDLE_LOADER = "$(BUILT_PRODUCTS_DIR)/Vinted-AB.app/Vinted-AB";
				FRAMEWORK_SEARCH_PATHS = (
					"$(SDKROOT)/Developer/Library/Frameworks",
					"$(inherited)",
					"$(DEVELOPER_FRAMEWORKS_DIR)",
				);
				GCC_PRECOMPILE_PREFIX_HEADER = YES;
				GCC_PREFIX_HEADER = "Vinted-AB/Vinted-AB-Prefix.pch";
				INFOPLIST_FILE = "Vinted-ABTests/Vinted-ABTests-Info.plist";
				PRODUCT_NAME = "$(TARGET_NAME)";
				TEST_HOST = "$(BUNDLE_LOADER)";
				WRAPPER_EXTENSION = xctest;
			};
			name = Release;
		};
/* End XCBuildConfiguration section */

/* Begin XCConfigurationList section */
		825EC5DE19506B60009216DC /* Build configuration list for PBXProject "Vinted-AB" */ = {
			isa = XCConfigurationList;
			buildConfigurations = (
				825EC60D19506B60009216DC /* Debug */,
				825EC60E19506B60009216DC /* Release */,
			);
			defaultConfigurationIsVisible = 0;
			defaultConfigurationName = Release;
		};
		825EC60F19506B60009216DC /* Build configuration list for PBXNativeTarget "Vinted-AB" */ = {
			isa = XCConfigurationList;
			buildConfigurations = (
				825EC61019506B60009216DC /* Debug */,
				825EC61119506B60009216DC /* Release */,
			);
			defaultConfigurationIsVisible = 0;
		};
		825EC61219506B60009216DC /* Build configuration list for PBXNativeTarget "Vinted-ABTests" */ = {
			isa = XCConfigurationList;
			buildConfigurations = (
				825EC61319506B60009216DC /* Debug */,
				825EC61419506B60009216DC /* Release */,
			);
			defaultConfigurationIsVisible = 0;
		};
/* End XCConfigurationList section */
	};
	rootObject = 825EC5DB19506B60009216DC /* Project object */;
}
